// !$*UTF8*$!
{
	archiveVersion = 1;
	classes = {
	};
	objectVersion = 55;
	objects = {

/* Begin PBXBuildFile section */
		3671DB98EA4885D6E401AD69 /* Pods_Weather.framework in Frameworks */ = {isa = PBXBuildFile; fileRef = 0CB5BF0A8C210F984C237791 /* Pods_Weather.framework */; };
		472773E32894152D0077ED0F /* NetworkService.swift in Sources */ = {isa = PBXBuildFile; fileRef = 472773E22894152D0077ED0F /* NetworkService.swift */; };
		472773E5289415CC0077ED0F /* ApiKey.swift in Sources */ = {isa = PBXBuildFile; fileRef = 472773E4289415CC0077ED0F /* ApiKey.swift */; };
		472773F0289660E90077ED0F /* Weather.swift in Sources */ = {isa = PBXBuildFile; fileRef = 472773EF289660E90077ED0F /* Weather.swift */; };
		472773FF2897CC8A0077ED0F /* DataManager.swift in Sources */ = {isa = PBXBuildFile; fileRef = 472773FE2897CC8A0077ED0F /* DataManager.swift */; };
		4727740C289AB8010077ED0F /* City.swift in Sources */ = {isa = PBXBuildFile; fileRef = 4727740B289AB8010077ED0F /* City.swift */; };
		47E7D4CF288FFE500052DE8C /* AppDelegate.swift in Sources */ = {isa = PBXBuildFile; fileRef = 47E7D4CE288FFE500052DE8C /* AppDelegate.swift */; };
		47E7D4D1288FFE500052DE8C /* SceneDelegate.swift in Sources */ = {isa = PBXBuildFile; fileRef = 47E7D4D0288FFE500052DE8C /* SceneDelegate.swift */; };
		47E7D4D3288FFE500052DE8C /* LoginViewController.swift in Sources */ = {isa = PBXBuildFile; fileRef = 47E7D4D2288FFE500052DE8C /* LoginViewController.swift */; };
		47E7D4D6288FFE500052DE8C /* Main.storyboard in Resources */ = {isa = PBXBuildFile; fileRef = 47E7D4D4288FFE500052DE8C /* Main.storyboard */; };
		47E7D4D8288FFE510052DE8C /* Assets.xcassets in Resources */ = {isa = PBXBuildFile; fileRef = 47E7D4D7288FFE510052DE8C /* Assets.xcassets */; };
		47E7D4DB288FFE510052DE8C /* LaunchScreen.storyboard in Resources */ = {isa = PBXBuildFile; fileRef = 47E7D4D9288FFE510052DE8C /* LaunchScreen.storyboard */; };
		47E7D4E6288FFE510052DE8C /* WeatherTests.swift in Sources */ = {isa = PBXBuildFile; fileRef = 47E7D4E5288FFE510052DE8C /* WeatherTests.swift */; };
		47E7D4F0288FFE510052DE8C /* WeatherUITests.swift in Sources */ = {isa = PBXBuildFile; fileRef = 47E7D4EF288FFE510052DE8C /* WeatherUITests.swift */; };
		47E7D4F2288FFE510052DE8C /* WeatherUITestsLaunchTests.swift in Sources */ = {isa = PBXBuildFile; fileRef = 47E7D4F1288FFE510052DE8C /* WeatherUITestsLaunchTests.swift */; };
		47E7D506289176050052DE8C /* CitiesViewController.swift in Sources */ = {isa = PBXBuildFile; fileRef = 47E7D505289176050052DE8C /* CitiesViewController.swift */; };
		47E7D50A2891B2280052DE8C /* UserCitiesTableViewController.swift in Sources */ = {isa = PBXBuildFile; fileRef = 47E7D5092891B2280052DE8C /* UserCitiesTableViewController.swift */; };
		47E7D50D2891B6420052DE8C /* WeatherCollectionViewController.swift in Sources */ = {isa = PBXBuildFile; fileRef = 47E7D50C2891B6420052DE8C /* WeatherCollectionViewController.swift */; };
		47E7D50F2891B6570052DE8C /* WeatherCollectionViewCell.swift in Sources */ = {isa = PBXBuildFile; fileRef = 47E7D50E2891B6570052DE8C /* WeatherCollectionViewCell.swift */; };
/* End PBXBuildFile section */

/* Begin PBXContainerItemProxy section */
		47E7D4E2288FFE510052DE8C /* PBXContainerItemProxy */ = {
			isa = PBXContainerItemProxy;
			containerPortal = 47E7D4C3288FFE500052DE8C /* Project object */;
			proxyType = 1;
			remoteGlobalIDString = 47E7D4CA288FFE500052DE8C;
			remoteInfo = Weather;
		};
		47E7D4EC288FFE510052DE8C /* PBXContainerItemProxy */ = {
			isa = PBXContainerItemProxy;
			containerPortal = 47E7D4C3288FFE500052DE8C /* Project object */;
			proxyType = 1;
			remoteGlobalIDString = 47E7D4CA288FFE500052DE8C;
			remoteInfo = Weather;
		};
/* End PBXContainerItemProxy section */

/* Begin PBXFileReference section */
		0CB5BF0A8C210F984C237791 /* Pods_Weather.framework */ = {isa = PBXFileReference; explicitFileType = wrapper.framework; includeInIndex = 0; path = Pods_Weather.framework; sourceTree = BUILT_PRODUCTS_DIR; };
		472773E22894152D0077ED0F /* NetworkService.swift */ = {isa = PBXFileReference; lastKnownFileType = sourcecode.swift; path = NetworkService.swift; sourceTree = "<group>"; };
		472773E4289415CC0077ED0F /* ApiKey.swift */ = {isa = PBXFileReference; lastKnownFileType = sourcecode.swift; path = ApiKey.swift; sourceTree = "<group>"; };
		472773EF289660E90077ED0F /* Weather.swift */ = {isa = PBXFileReference; lastKnownFileType = sourcecode.swift; path = Weather.swift; sourceTree = "<group>"; };
		472773FE2897CC8A0077ED0F /* DataManager.swift */ = {isa = PBXFileReference; lastKnownFileType = sourcecode.swift; path = DataManager.swift; sourceTree = "<group>"; };
		4727740B289AB8010077ED0F /* City.swift */ = {isa = PBXFileReference; lastKnownFileType = sourcecode.swift; path = City.swift; sourceTree = "<group>"; };
		47E7D4CB288FFE500052DE8C /* Weather.app */ = {isa = PBXFileReference; explicitFileType = wrapper.application; includeInIndex = 0; path = Weather.app; sourceTree = BUILT_PRODUCTS_DIR; };
		47E7D4CE288FFE500052DE8C /* AppDelegate.swift */ = {isa = PBXFileReference; lastKnownFileType = sourcecode.swift; path = AppDelegate.swift; sourceTree = "<group>"; };
		47E7D4D0288FFE500052DE8C /* SceneDelegate.swift */ = {isa = PBXFileReference; lastKnownFileType = sourcecode.swift; path = SceneDelegate.swift; sourceTree = "<group>"; };
		47E7D4D2288FFE500052DE8C /* LoginViewController.swift */ = {isa = PBXFileReference; lastKnownFileType = sourcecode.swift; path = LoginViewController.swift; sourceTree = "<group>"; };
		47E7D4D5288FFE500052DE8C /* Base */ = {isa = PBXFileReference; lastKnownFileType = file.storyboard; name = Base; path = Base.lproj/Main.storyboard; sourceTree = "<group>"; };
		47E7D4D7288FFE510052DE8C /* Assets.xcassets */ = {isa = PBXFileReference; lastKnownFileType = folder.assetcatalog; path = Assets.xcassets; sourceTree = "<group>"; };
		47E7D4DA288FFE510052DE8C /* Base */ = {isa = PBXFileReference; lastKnownFileType = file.storyboard; name = Base; path = Base.lproj/LaunchScreen.storyboard; sourceTree = "<group>"; };
		47E7D4DC288FFE510052DE8C /* Info.plist */ = {isa = PBXFileReference; lastKnownFileType = text.plist.xml; path = Info.plist; sourceTree = "<group>"; };
		47E7D4E1288FFE510052DE8C /* WeatherTests.xctest */ = {isa = PBXFileReference; explicitFileType = wrapper.cfbundle; includeInIndex = 0; path = WeatherTests.xctest; sourceTree = BUILT_PRODUCTS_DIR; };
		47E7D4E5288FFE510052DE8C /* WeatherTests.swift */ = {isa = PBXFileReference; lastKnownFileType = sourcecode.swift; path = WeatherTests.swift; sourceTree = "<group>"; };
		47E7D4EB288FFE510052DE8C /* WeatherUITests.xctest */ = {isa = PBXFileReference; explicitFileType = wrapper.cfbundle; includeInIndex = 0; path = WeatherUITests.xctest; sourceTree = BUILT_PRODUCTS_DIR; };
		47E7D4EF288FFE510052DE8C /* WeatherUITests.swift */ = {isa = PBXFileReference; lastKnownFileType = sourcecode.swift; path = WeatherUITests.swift; sourceTree = "<group>"; };
		47E7D4F1288FFE510052DE8C /* WeatherUITestsLaunchTests.swift */ = {isa = PBXFileReference; lastKnownFileType = sourcecode.swift; path = WeatherUITestsLaunchTests.swift; sourceTree = "<group>"; };
		47E7D505289176050052DE8C /* CitiesViewController.swift */ = {isa = PBXFileReference; lastKnownFileType = sourcecode.swift; path = CitiesViewController.swift; sourceTree = "<group>"; };
		47E7D5092891B2280052DE8C /* UserCitiesTableViewController.swift */ = {isa = PBXFileReference; lastKnownFileType = sourcecode.swift; path = UserCitiesTableViewController.swift; sourceTree = "<group>"; };
		47E7D50C2891B6420052DE8C /* WeatherCollectionViewController.swift */ = {isa = PBXFileReference; lastKnownFileType = sourcecode.swift; path = WeatherCollectionViewController.swift; sourceTree = "<group>"; };
		47E7D50E2891B6570052DE8C /* WeatherCollectionViewCell.swift */ = {isa = PBXFileReference; lastKnownFileType = sourcecode.swift; path = WeatherCollectionViewCell.swift; sourceTree = "<group>"; };
		5079C6007694E5BB24E1AA1C /* Pods-Weather.debug.xcconfig */ = {isa = PBXFileReference; includeInIndex = 1; lastKnownFileType = text.xcconfig; name = "Pods-Weather.debug.xcconfig"; path = "Target Support Files/Pods-Weather/Pods-Weather.debug.xcconfig"; sourceTree = "<group>"; };
		C167A8FD00A2C737CDA47B64 /* Pods-Weather.release.xcconfig */ = {isa = PBXFileReference; includeInIndex = 1; lastKnownFileType = text.xcconfig; name = "Pods-Weather.release.xcconfig"; path = "Target Support Files/Pods-Weather/Pods-Weather.release.xcconfig"; sourceTree = "<group>"; };
/* End PBXFileReference section */

/* Begin PBXFrameworksBuildPhase section */
		47E7D4C8288FFE500052DE8C /* Frameworks */ = {
			isa = PBXFrameworksBuildPhase;
			buildActionMask = 2147483647;
			files = (
				3671DB98EA4885D6E401AD69 /* Pods_Weather.framework in Frameworks */,
			);
			runOnlyForDeploymentPostprocessing = 0;
		};
		47E7D4DE288FFE510052DE8C /* Frameworks */ = {
			isa = PBXFrameworksBuildPhase;
			buildActionMask = 2147483647;
			files = (
			);
			runOnlyForDeploymentPostprocessing = 0;
		};
		47E7D4E8288FFE510052DE8C /* Frameworks */ = {
			isa = PBXFrameworksBuildPhase;
			buildActionMask = 2147483647;
			files = (
			);
			runOnlyForDeploymentPostprocessing = 0;
		};
/* End PBXFrameworksBuildPhase section */

/* Begin PBXGroup section */
		472773E12894151F0077ED0F /* Service */ = {
			isa = PBXGroup;
			children = (
				472773E22894152D0077ED0F /* NetworkService.swift */,
				472773E4289415CC0077ED0F /* ApiKey.swift */,
			);
			path = Service;
			sourceTree = "<group>";
		};
		472773EE289660E00077ED0F /* Models */ = {
			isa = PBXGroup;
			children = (
				472773EF289660E90077ED0F /* Weather.swift */,
				4727740B289AB8010077ED0F /* City.swift */,
			);
			path = Models;
			sourceTree = "<group>";
		};
		472773FD2897CC7B0077ED0F /* Manager */ = {
			isa = PBXGroup;
			children = (
				472773FE2897CC8A0077ED0F /* DataManager.swift */,
			);
			path = Manager;
			sourceTree = "<group>";
		};
		47DAA4135A83FAFE6DA70B2A /* Frameworks */ = {
			isa = PBXGroup;
			children = (
				0CB5BF0A8C210F984C237791 /* Pods_Weather.framework */,
			);
			name = Frameworks;
			sourceTree = "<group>";
		};
		47E7D4C2288FFE500052DE8C = {
			isa = PBXGroup;
			children = (
				47E7D4CD288FFE500052DE8C /* Weather */,
				47E7D4E4288FFE510052DE8C /* WeatherTests */,
				47E7D4EE288FFE510052DE8C /* WeatherUITests */,
				47E7D4CC288FFE500052DE8C /* Products */,
				4CF27558DA15353660DA6B52 /* Pods */,
				47DAA4135A83FAFE6DA70B2A /* Frameworks */,
			);
			sourceTree = "<group>";
		};
		47E7D4CC288FFE500052DE8C /* Products */ = {
			isa = PBXGroup;
			children = (
				47E7D4CB288FFE500052DE8C /* Weather.app */,
				47E7D4E1288FFE510052DE8C /* WeatherTests.xctest */,
				47E7D4EB288FFE510052DE8C /* WeatherUITests.xctest */,
			);
			name = Products;
			sourceTree = "<group>";
		};
		47E7D4CD288FFE500052DE8C /* Weather */ = {
			isa = PBXGroup;
			children = (
				47E7D4CE288FFE500052DE8C /* AppDelegate.swift */,
				47E7D4D0288FFE500052DE8C /* SceneDelegate.swift */,
				47E7D5072891760C0052DE8C /* Login */,
				47E7D5082891B2030052DE8C /* UserCities */,
				47E7D502289175AD0052DE8C /* AllCities */,
				47E7D50B2891B6190052DE8C /* Weather */,
				472773E12894151F0077ED0F /* Service */,
				472773FD2897CC7B0077ED0F /* Manager */,
				472773EE289660E00077ED0F /* Models */,
				47E7D4D4288FFE500052DE8C /* Main.storyboard */,
				47E7D4D7288FFE510052DE8C /* Assets.xcassets */,
				47E7D4D9288FFE510052DE8C /* LaunchScreen.storyboard */,
				47E7D4DC288FFE510052DE8C /* Info.plist */,
			);
			path = Weather;
			sourceTree = "<group>";
		};
		47E7D4E4288FFE510052DE8C /* WeatherTests */ = {
			isa = PBXGroup;
			children = (
				47E7D4E5288FFE510052DE8C /* WeatherTests.swift */,
			);
			path = WeatherTests;
			sourceTree = "<group>";
		};
		47E7D4EE288FFE510052DE8C /* WeatherUITests */ = {
			isa = PBXGroup;
			children = (
				47E7D4EF288FFE510052DE8C /* WeatherUITests.swift */,
				47E7D4F1288FFE510052DE8C /* WeatherUITestsLaunchTests.swift */,
			);
			path = WeatherUITests;
			sourceTree = "<group>";
		};
		47E7D502289175AD0052DE8C /* AllCities */ = {
			isa = PBXGroup;
			children = (
				47E7D505289176050052DE8C /* CitiesViewController.swift */,
			);
			path = AllCities;
			sourceTree = "<group>";
		};
		47E7D5072891760C0052DE8C /* Login */ = {
			isa = PBXGroup;
			children = (
				47E7D4D2288FFE500052DE8C /* LoginViewController.swift */,
			);
			path = Login;
			sourceTree = "<group>";
		};
		47E7D5082891B2030052DE8C /* UserCities */ = {
			isa = PBXGroup;
			children = (
				47E7D5092891B2280052DE8C /* UserCitiesTableViewController.swift */,
			);
			path = UserCities;
			sourceTree = "<group>";
		};
		47E7D50B2891B6190052DE8C /* Weather */ = {
			isa = PBXGroup;
			children = (
				47E7D50C2891B6420052DE8C /* WeatherCollectionViewController.swift */,
				47E7D50E2891B6570052DE8C /* WeatherCollectionViewCell.swift */,
			);
			path = Weather;
			sourceTree = "<group>";
		};
		4CF27558DA15353660DA6B52 /* Pods */ = {
			isa = PBXGroup;
			children = (
				5079C6007694E5BB24E1AA1C /* Pods-Weather.debug.xcconfig */,
				C167A8FD00A2C737CDA47B64 /* Pods-Weather.release.xcconfig */,
			);
			path = Pods;
			sourceTree = "<group>";
		};
/* End PBXGroup section */

/* Begin PBXNativeTarget section */
		47E7D4CA288FFE500052DE8C /* Weather */ = {
			isa = PBXNativeTarget;
			buildConfigurationList = 47E7D4F5288FFE510052DE8C /* Build configuration list for PBXNativeTarget "Weather" */;
			buildPhases = (
				88650B6083FB3A9F3207A019 /* [CP] Check Pods Manifest.lock */,
				47E7D4C7288FFE500052DE8C /* Sources */,
				47E7D4C8288FFE500052DE8C /* Frameworks */,
				47E7D4C9288FFE500052DE8C /* Resources */,
				B10B89960DC4243E7D3D705D /* [CP] Embed Pods Frameworks */,
			);
			buildRules = (
			);
			dependencies = (
			);
			name = Weather;
			productName = Weather;
			productReference = 47E7D4CB288FFE500052DE8C /* Weather.app */;
			productType = "com.apple.product-type.application";
		};
		47E7D4E0288FFE510052DE8C /* WeatherTests */ = {
			isa = PBXNativeTarget;
			buildConfigurationList = 47E7D4F8288FFE510052DE8C /* Build configuration list for PBXNativeTarget "WeatherTests" */;
			buildPhases = (
				47E7D4DD288FFE510052DE8C /* Sources */,
				47E7D4DE288FFE510052DE8C /* Frameworks */,
				47E7D4DF288FFE510052DE8C /* Resources */,
			);
			buildRules = (
			);
			dependencies = (
				47E7D4E3288FFE510052DE8C /* PBXTargetDependency */,
			);
			name = WeatherTests;
			productName = WeatherTests;
			productReference = 47E7D4E1288FFE510052DE8C /* WeatherTests.xctest */;
			productType = "com.apple.product-type.bundle.unit-test";
		};
		47E7D4EA288FFE510052DE8C /* WeatherUITests */ = {
			isa = PBXNativeTarget;
			buildConfigurationList = 47E7D4FB288FFE510052DE8C /* Build configuration list for PBXNativeTarget "WeatherUITests" */;
			buildPhases = (
				47E7D4E7288FFE510052DE8C /* Sources */,
				47E7D4E8288FFE510052DE8C /* Frameworks */,
				47E7D4E9288FFE510052DE8C /* Resources */,
			);
			buildRules = (
			);
			dependencies = (
				47E7D4ED288FFE510052DE8C /* PBXTargetDependency */,
			);
			name = WeatherUITests;
			productName = WeatherUITests;
			productReference = 47E7D4EB288FFE510052DE8C /* WeatherUITests.xctest */;
			productType = "com.apple.product-type.bundle.ui-testing";
		};
/* End PBXNativeTarget section */

/* Begin PBXProject section */
		47E7D4C3288FFE500052DE8C /* Project object */ = {
			isa = PBXProject;
			attributes = {
				BuildIndependentTargetsInParallel = 1;
				LastSwiftUpdateCheck = 1340;
				LastUpgradeCheck = 1340;
				TargetAttributes = {
					47E7D4CA288FFE500052DE8C = {
						CreatedOnToolsVersion = 13.4.1;
					};
					47E7D4E0288FFE510052DE8C = {
						CreatedOnToolsVersion = 13.4.1;
						TestTargetID = 47E7D4CA288FFE500052DE8C;
					};
					47E7D4EA288FFE510052DE8C = {
						CreatedOnToolsVersion = 13.4.1;
						TestTargetID = 47E7D4CA288FFE500052DE8C;
					};
				};
			};
			buildConfigurationList = 47E7D4C6288FFE500052DE8C /* Build configuration list for PBXProject "Weather" */;
			compatibilityVersion = "Xcode 13.0";
			developmentRegion = en;
			hasScannedForEncodings = 0;
			knownRegions = (
				en,
				Base,
			);
			mainGroup = 47E7D4C2288FFE500052DE8C;
			productRefGroup = 47E7D4CC288FFE500052DE8C /* Products */;
			projectDirPath = "";
			projectRoot = "";
			targets = (
				47E7D4CA288FFE500052DE8C /* Weather */,
				47E7D4E0288FFE510052DE8C /* WeatherTests */,
				47E7D4EA288FFE510052DE8C /* WeatherUITests */,
			);
		};
/* End PBXProject section */

/* Begin PBXResourcesBuildPhase section */
		47E7D4C9288FFE500052DE8C /* Resources */ = {
			isa = PBXResourcesBuildPhase;
			buildActionMask = 2147483647;
			files = (
				47E7D4DB288FFE510052DE8C /* LaunchScreen.storyboard in Resources */,
				47E7D4D8288FFE510052DE8C /* Assets.xcassets in Resources */,
				47E7D4D6288FFE500052DE8C /* Main.storyboard in Resources */,
			);
			runOnlyForDeploymentPostprocessing = 0;
		};
		47E7D4DF288FFE510052DE8C /* Resources */ = {
			isa = PBXResourcesBuildPhase;
			buildActionMask = 2147483647;
			files = (
			);
			runOnlyForDeploymentPostprocessing = 0;
		};
		47E7D4E9288FFE510052DE8C /* Resources */ = {
			isa = PBXResourcesBuildPhase;
			buildActionMask = 2147483647;
			files = (
			);
			runOnlyForDeploymentPostprocessing = 0;
		};
/* End PBXResourcesBuildPhase section */

/* Begin PBXShellScriptBuildPhase section */
		88650B6083FB3A9F3207A019 /* [CP] Check Pods Manifest.lock */ = {
			isa = PBXShellScriptBuildPhase;
			buildActionMask = 2147483647;
			files = (
			);
			inputFileListPaths = (
			);
			inputPaths = (
				"${PODS_PODFILE_DIR_PATH}/Podfile.lock",
				"${PODS_ROOT}/Manifest.lock",
			);
			name = "[CP] Check Pods Manifest.lock";
			outputFileListPaths = (
			);
			outputPaths = (
				"$(DERIVED_FILE_DIR)/Pods-Weather-checkManifestLockResult.txt",
			);
			runOnlyForDeploymentPostprocessing = 0;
			shellPath = /bin/sh;
			shellScript = "diff \"${PODS_PODFILE_DIR_PATH}/Podfile.lock\" \"${PODS_ROOT}/Manifest.lock\" > /dev/null\nif [ $? != 0 ] ; then\n    # print error to STDERR\n    echo \"error: The sandbox is not in sync with the Podfile.lock. Run 'pod install' or update your CocoaPods installation.\" >&2\n    exit 1\nfi\n# This output is used by Xcode 'outputs' to avoid re-running this script phase.\necho \"SUCCESS\" > \"${SCRIPT_OUTPUT_FILE_0}\"\n";
			showEnvVarsInLog = 0;
		};
		B10B89960DC4243E7D3D705D /* [CP] Embed Pods Frameworks */ = {
			isa = PBXShellScriptBuildPhase;
			buildActionMask = 2147483647;
			files = (
			);
			inputFileListPaths = (
				"${PODS_ROOT}/Target Support Files/Pods-Weather/Pods-Weather-frameworks-${CONFIGURATION}-input-files.xcfilelist",
			);
			name = "[CP] Embed Pods Frameworks";
			outputFileListPaths = (
				"${PODS_ROOT}/Target Support Files/Pods-Weather/Pods-Weather-frameworks-${CONFIGURATION}-output-files.xcfilelist",
			);
			runOnlyForDeploymentPostprocessing = 0;
			shellPath = /bin/sh;
			shellScript = "\"${PODS_ROOT}/Target Support Files/Pods-Weather/Pods-Weather-frameworks.sh\"\n";
			showEnvVarsInLog = 0;
		};
/* End PBXShellScriptBuildPhase section */

/* Begin PBXSourcesBuildPhase section */
		47E7D4C7288FFE500052DE8C /* Sources */ = {
			isa = PBXSourcesBuildPhase;
			buildActionMask = 2147483647;
			files = (
				47E7D4D3288FFE500052DE8C /* LoginViewController.swift in Sources */,
				47E7D50A2891B2280052DE8C /* UserCitiesTableViewController.swift in Sources */,
				4727740C289AB8010077ED0F /* City.swift in Sources */,
				472773E32894152D0077ED0F /* NetworkService.swift in Sources */,
				47E7D506289176050052DE8C /* CitiesViewController.swift in Sources */,
				472773F0289660E90077ED0F /* Weather.swift in Sources */,
				47E7D50D2891B6420052DE8C /* WeatherCollectionViewController.swift in Sources */,
				47E7D4CF288FFE500052DE8C /* AppDelegate.swift in Sources */,
				47E7D4D1288FFE500052DE8C /* SceneDelegate.swift in Sources */,
				472773FF2897CC8A0077ED0F /* DataManager.swift in Sources */,
				472773E5289415CC0077ED0F /* ApiKey.swift in Sources */,
				47E7D50F2891B6570052DE8C /* WeatherCollectionViewCell.swift in Sources */,
			);
			runOnlyForDeploymentPostprocessing = 0;
		};
		47E7D4DD288FFE510052DE8C /* Sources */ = {
			isa = PBXSourcesBuildPhase;
			buildActionMask = 2147483647;
			files = (
				47E7D4E6288FFE510052DE8C /* WeatherTests.swift in Sources */,
			);
			runOnlyForDeploymentPostprocessing = 0;
		};
		47E7D4E7288FFE510052DE8C /* Sources */ = {
			isa = PBXSourcesBuildPhase;
			buildActionMask = 2147483647;
			files = (
				47E7D4F0288FFE510052DE8C /* WeatherUITests.swift in Sources */,
				47E7D4F2288FFE510052DE8C /* WeatherUITestsLaunchTests.swift in Sources */,
			);
			runOnlyForDeploymentPostprocessing = 0;
		};
/* End PBXSourcesBuildPhase section */

/* Begin PBXTargetDependency section */
		47E7D4E3288FFE510052DE8C /* PBXTargetDependency */ = {
			isa = PBXTargetDependency;
			target = 47E7D4CA288FFE500052DE8C /* Weather */;
			targetProxy = 47E7D4E2288FFE510052DE8C /* PBXContainerItemProxy */;
		};
		47E7D4ED288FFE510052DE8C /* PBXTargetDependency */ = {
			isa = PBXTargetDependency;
			target = 47E7D4CA288FFE500052DE8C /* Weather */;
			targetProxy = 47E7D4EC288FFE510052DE8C /* PBXContainerItemProxy */;
		};
/* End PBXTargetDependency section */

/* Begin PBXVariantGroup section */
		47E7D4D4288FFE500052DE8C /* Main.storyboard */ = {
			isa = PBXVariantGroup;
			children = (
				47E7D4D5288FFE500052DE8C /* Base */,
			);
			name = Main.storyboard;
			sourceTree = "<group>";
		};
		47E7D4D9288FFE510052DE8C /* LaunchScreen.storyboard */ = {
			isa = PBXVariantGroup;
			children = (
				47E7D4DA288FFE510052DE8C /* Base */,
			);
			name = LaunchScreen.storyboard;
			sourceTree = "<group>";
		};
/* End PBXVariantGroup section */

/* Begin XCBuildConfiguration section */
		47E7D4F3288FFE510052DE8C /* Debug */ = {
			isa = XCBuildConfiguration;
			buildSettings = {
				ALWAYS_SEARCH_USER_PATHS = NO;
				CLANG_ANALYZER_NONNULL = YES;
				CLANG_ANALYZER_NUMBER_OBJECT_CONVERSION = YES_AGGRESSIVE;
				CLANG_CXX_LANGUAGE_STANDARD = "gnu++17";
				CLANG_ENABLE_MODULES = YES;
				CLANG_ENABLE_OBJC_ARC = YES;
				CLANG_ENABLE_OBJC_WEAK = YES;
				CLANG_WARN_BLOCK_CAPTURE_AUTORELEASING = YES;
				CLANG_WARN_BOOL_CONVERSION = YES;
				CLANG_WARN_COMMA = YES;
				CLANG_WARN_CONSTANT_CONVERSION = YES;
				CLANG_WARN_DEPRECATED_OBJC_IMPLEMENTATIONS = YES;
				CLANG_WARN_DIRECT_OBJC_ISA_USAGE = YES_ERROR;
				CLANG_WARN_DOCUMENTATION_COMMENTS = YES;
				CLANG_WARN_EMPTY_BODY = YES;
				CLANG_WARN_ENUM_CONVERSION = YES;
				CLANG_WARN_INFINITE_RECURSION = YES;
				CLANG_WARN_INT_CONVERSION = YES;
				CLANG_WARN_NON_LITERAL_NULL_CONVERSION = YES;
				CLANG_WARN_OBJC_IMPLICIT_RETAIN_SELF = YES;
				CLANG_WARN_OBJC_LITERAL_CONVERSION = YES;
				CLANG_WARN_OBJC_ROOT_CLASS = YES_ERROR;
				CLANG_WARN_QUOTED_INCLUDE_IN_FRAMEWORK_HEADER = YES;
				CLANG_WARN_RANGE_LOOP_ANALYSIS = YES;
				CLANG_WARN_STRICT_PROTOTYPES = YES;
				CLANG_WARN_SUSPICIOUS_MOVE = YES;
				CLANG_WARN_UNGUARDED_AVAILABILITY = YES_AGGRESSIVE;
				CLANG_WARN_UNREACHABLE_CODE = YES;
				CLANG_WARN__DUPLICATE_METHOD_MATCH = YES;
				COPY_PHASE_STRIP = NO;
				DEBUG_INFORMATION_FORMAT = dwarf;
				ENABLE_STRICT_OBJC_MSGSEND = YES;
				ENABLE_TESTABILITY = YES;
				GCC_C_LANGUAGE_STANDARD = gnu11;
				GCC_DYNAMIC_NO_PIC = NO;
				GCC_NO_COMMON_BLOCKS = YES;
				GCC_OPTIMIZATION_LEVEL = 0;
				GCC_PREPROCESSOR_DEFINITIONS = (
					"DEBUG=1",
					"$(inherited)",
				);
				GCC_WARN_64_TO_32_BIT_CONVERSION = YES;
				GCC_WARN_ABOUT_RETURN_TYPE = YES_ERROR;
				GCC_WARN_UNDECLARED_SELECTOR = YES;
				GCC_WARN_UNINITIALIZED_AUTOS = YES_AGGRESSIVE;
				GCC_WARN_UNUSED_FUNCTION = YES;
				GCC_WARN_UNUSED_VARIABLE = YES;
				IPHONEOS_DEPLOYMENT_TARGET = 15.5;
				MTL_ENABLE_DEBUG_INFO = INCLUDE_SOURCE;
				MTL_FAST_MATH = YES;
				ONLY_ACTIVE_ARCH = YES;
				SDKROOT = iphoneos;
				SWIFT_ACTIVE_COMPILATION_CONDITIONS = DEBUG;
				SWIFT_OPTIMIZATION_LEVEL = "-Onone";
			};
			name = Debug;
		};
		47E7D4F4288FFE510052DE8C /* Release */ = {
			isa = XCBuildConfiguration;
			buildSettings = {
				ALWAYS_SEARCH_USER_PATHS = NO;
				CLANG_ANALYZER_NONNULL = YES;
				CLANG_ANALYZER_NUMBER_OBJECT_CONVERSION = YES_AGGRESSIVE;
				CLANG_CXX_LANGUAGE_STANDARD = "gnu++17";
				CLANG_ENABLE_MODULES = YES;
				CLANG_ENABLE_OBJC_ARC = YES;
				CLANG_ENABLE_OBJC_WEAK = YES;
				CLANG_WARN_BLOCK_CAPTURE_AUTORELEASING = YES;
				CLANG_WARN_BOOL_CONVERSION = YES;
				CLANG_WARN_COMMA = YES;
				CLANG_WARN_CONSTANT_CONVERSION = YES;
				CLANG_WARN_DEPRECATED_OBJC_IMPLEMENTATIONS = YES;
				CLANG_WARN_DIRECT_OBJC_ISA_USAGE = YES_ERROR;
				CLANG_WARN_DOCUMENTATION_COMMENTS = YES;
				CLANG_WARN_EMPTY_BODY = YES;
				CLANG_WARN_ENUM_CONVERSION = YES;
				CLANG_WARN_INFINITE_RECURSION = YES;
				CLANG_WARN_INT_CONVERSION = YES;
				CLANG_WARN_NON_LITERAL_NULL_CONVERSION = YES;
				CLANG_WARN_OBJC_IMPLICIT_RETAIN_SELF = YES;
				CLANG_WARN_OBJC_LITERAL_CONVERSION = YES;
				CLANG_WARN_OBJC_ROOT_CLASS = YES_ERROR;
				CLANG_WARN_QUOTED_INCLUDE_IN_FRAMEWORK_HEADER = YES;
				CLANG_WARN_RANGE_LOOP_ANALYSIS = YES;
				CLANG_WARN_STRICT_PROTOTYPES = YES;
				CLANG_WARN_SUSPICIOUS_MOVE = YES;
				CLANG_WARN_UNGUARDED_AVAILABILITY = YES_AGGRESSIVE;
				CLANG_WARN_UNREACHABLE_CODE = YES;
				CLANG_WARN__DUPLICATE_METHOD_MATCH = YES;
				COPY_PHASE_STRIP = NO;
				DEBUG_INFORMATION_FORMAT = "dwarf-with-dsym";
				ENABLE_NS_ASSERTIONS = NO;
				ENABLE_STRICT_OBJC_MSGSEND = YES;
				GCC_C_LANGUAGE_STANDARD = gnu11;
				GCC_NO_COMMON_BLOCKS = YES;
				GCC_WARN_64_TO_32_BIT_CONVERSION = YES;
				GCC_WARN_ABOUT_RETURN_TYPE = YES_ERROR;
				GCC_WARN_UNDECLARED_SELECTOR = YES;
				GCC_WARN_UNINITIALIZED_AUTOS = YES_AGGRESSIVE;
				GCC_WARN_UNUSED_FUNCTION = YES;
				GCC_WARN_UNUSED_VARIABLE = YES;
				IPHONEOS_DEPLOYMENT_TARGET = 15.5;
				MTL_ENABLE_DEBUG_INFO = NO;
				MTL_FAST_MATH = YES;
				SDKROOT = iphoneos;
				SWIFT_COMPILATION_MODE = wholemodule;
				SWIFT_OPTIMIZATION_LEVEL = "-O";
				VALIDATE_PRODUCT = YES;
			};
			name = Release;
		};
		47E7D4F6288FFE510052DE8C /* Debug */ = {
			isa = XCBuildConfiguration;
			baseConfigurationReference = 5079C6007694E5BB24E1AA1C /* Pods-Weather.debug.xcconfig */;
			buildSettings = {
				ASSETCATALOG_COMPILER_APPICON_NAME = AppIcon;
				ASSETCATALOG_COMPILER_GLOBAL_ACCENT_COLOR_NAME = AccentColor;
				CODE_SIGN_STYLE = Automatic;
				CURRENT_PROJECT_VERSION = 1;
				DEVELOPMENT_TEAM = 27TP8KZ84U;
				GENERATE_INFOPLIST_FILE = YES;
				INFOPLIST_FILE = Weather/Info.plist;
				INFOPLIST_KEY_UIApplicationSupportsIndirectInputEvents = YES;
				INFOPLIST_KEY_UILaunchStoryboardName = LaunchScreen;
				INFOPLIST_KEY_UIMainStoryboardFile = Main;
				INFOPLIST_KEY_UISupportedInterfaceOrientations_iPad = "UIInterfaceOrientationPortrait UIInterfaceOrientationPortraitUpsideDown UIInterfaceOrientationLandscapeLeft UIInterfaceOrientationLandscapeRight";
				INFOPLIST_KEY_UISupportedInterfaceOrientations_iPhone = "UIInterfaceOrientationPortrait UIInterfaceOrientationLandscapeLeft UIInterfaceOrientationLandscapeRight";
				LD_RUNPATH_SEARCH_PATHS = (
					"$(inherited)",
					"@executable_path/Frameworks",
				);
				MARKETING_VERSION = 1.0;
				PRODUCT_BUNDLE_IDENTIFIER = com.kolundaevva.Weather;
				PRODUCT_NAME = "$(TARGET_NAME)";
				SWIFT_EMIT_LOC_STRINGS = YES;
				SWIFT_VERSION = 5.0;
				TARGETED_DEVICE_FAMILY = "1,2";
			};
			name = Debug;
		};
		47E7D4F7288FFE510052DE8C /* Release */ = {
			isa = XCBuildConfiguration;
			baseConfigurationReference = C167A8FD00A2C737CDA47B64 /* Pods-Weather.release.xcconfig */;
			buildSettings = {
				ASSETCATALOG_COMPILER_APPICON_NAME = AppIcon;
				ASSETCATALOG_COMPILER_GLOBAL_ACCENT_COLOR_NAME = AccentColor;
				CODE_SIGN_STYLE = Automatic;
				CURRENT_PROJECT_VERSION = 1;
				DEVELOPMENT_TEAM = 27TP8KZ84U;
				GENERATE_INFOPLIST_FILE = YES;
				INFOPLIST_FILE = Weather/Info.plist;
				INFOPLIST_KEY_UIApplicationSupportsIndirectInputEvents = YES;
				INFOPLIST_KEY_UILaunchStoryboardName = LaunchScreen;
				INFOPLIST_KEY_UIMainStoryboardFile = Main;
				INFOPLIST_KEY_UISupportedInterfaceOrientations_iPad = "UIInterfaceOrientationPortrait UIInterfaceOrientationPortraitUpsideDown UIInterfaceOrientationLandscapeLeft UIInterfaceOrientationLandscapeRight";
				INFOPLIST_KEY_UISupportedInterfaceOrientations_iPhone = "UIInterfaceOrientationPortrait UIInterfaceOrientationLandscapeLeft UIInterfaceOrientationLandscapeRight";
				LD_RUNPATH_SEARCH_PATHS = (
					"$(inherited)",
					"@executable_path/Frameworks",
				);
				MARKETING_VERSION = 1.0;
				PRODUCT_BUNDLE_IDENTIFIER = com.kolundaevva.Weather;
				PRODUCT_NAME = "$(TARGET_NAME)";
				SWIFT_EMIT_LOC_STRINGS = YES;
				SWIFT_VERSION = 5.0;
				TARGETED_DEVICE_FAMILY = "1,2";
			};
			name = Release;
		};
		47E7D4F9288FFE510052DE8C /* Debug */ = {
			isa = XCBuildConfiguration;
			buildSettings = {
				ALWAYS_EMBED_SWIFT_STANDARD_LIBRARIES = YES;
				BUNDLE_LOADER = "$(TEST_HOST)";
				CODE_SIGN_STYLE = Automatic;
				CURRENT_PROJECT_VERSION = 1;
				DEVELOPMENT_TEAM = 27TP8KZ84U;
				GENERATE_INFOPLIST_FILE = YES;
				IPHONEOS_DEPLOYMENT_TARGET = 15.5;
				MARKETING_VERSION = 1.0;
				PRODUCT_BUNDLE_IDENTIFIER = com.kolundaevva.WeatherTests;
				PRODUCT_NAME = "$(TARGET_NAME)";
				SWIFT_EMIT_LOC_STRINGS = NO;
				SWIFT_VERSION = 5.0;
				TARGETED_DEVICE_FAMILY = "1,2";
				TEST_HOST = "$(BUILT_PRODUCTS_DIR)/Weather.app/Weather";
			};
			name = Debug;
		};
		47E7D4FA288FFE510052DE8C /* Release */ = {
			isa = XCBuildConfiguration;
			buildSettings = {
				ALWAYS_EMBED_SWIFT_STANDARD_LIBRARIES = YES;
				BUNDLE_LOADER = "$(TEST_HOST)";
				CODE_SIGN_STYLE = Automatic;
				CURRENT_PROJECT_VERSION = 1;
				DEVELOPMENT_TEAM = 27TP8KZ84U;
				GENERATE_INFOPLIST_FILE = YES;
				IPHONEOS_DEPLOYMENT_TARGET = 15.5;
				MARKETING_VERSION = 1.0;
				PRODUCT_BUNDLE_IDENTIFIER = com.kolundaevva.WeatherTests;
				PRODUCT_NAME = "$(TARGET_NAME)";
				SWIFT_EMIT_LOC_STRINGS = NO;
				SWIFT_VERSION = 5.0;
				TARGETED_DEVICE_FAMILY = "1,2";
				TEST_HOST = "$(BUILT_PRODUCTS_DIR)/Weather.app/Weather";
			};
			name = Release;
		};
		47E7D4FC288FFE510052DE8C /* Debug */ = {
			isa = XCBuildConfiguration;
			buildSettings = {
				ALWAYS_EMBED_SWIFT_STANDARD_LIBRARIES = YES;
				CODE_SIGN_STYLE = Automatic;
				CURRENT_PROJECT_VERSION = 1;
				DEVELOPMENT_TEAM = 27TP8KZ84U;
				GENERATE_INFOPLIST_FILE = YES;
				MARKETING_VERSION = 1.0;
				PRODUCT_BUNDLE_IDENTIFIER = com.kolundaevva.WeatherUITests;
				PRODUCT_NAME = "$(TARGET_NAME)";
				SWIFT_EMIT_LOC_STRINGS = NO;
				SWIFT_VERSION = 5.0;
				TARGETED_DEVICE_FAMILY = "1,2";
				TEST_TARGET_NAME = Weather;
			};
			name = Debug;
		};
		47E7D4FD288FFE510052DE8C /* Release */ = {
			isa = XCBuildConfiguration;
			buildSettings = {
				ALWAYS_EMBED_SWIFT_STANDARD_LIBRARIES = YES;
				CODE_SIGN_STYLE = Automatic;
				CURRENT_PROJECT_VERSION = 1;
				DEVELOPMENT_TEAM = 27TP8KZ84U;
				GENERATE_INFOPLIST_FILE = YES;
				MARKETING_VERSION = 1.0;
				PRODUCT_BUNDLE_IDENTIFIER = com.kolundaevva.WeatherUITests;
				PRODUCT_NAME = "$(TARGET_NAME)";
				SWIFT_EMIT_LOC_STRINGS = NO;
				SWIFT_VERSION = 5.0;
				TARGETED_DEVICE_FAMILY = "1,2";
				TEST_TARGET_NAME = Weather;
			};
			name = Release;
		};
/* End XCBuildConfiguration section */

/* Begin XCConfigurationList section */
		47E7D4C6288FFE500052DE8C /* Build configuration list for PBXProject "Weather" */ = {
			isa = XCConfigurationList;
			buildConfigurations = (
				47E7D4F3288FFE510052DE8C /* Debug */,
				47E7D4F4288FFE510052DE8C /* Release */,
			);
			defaultConfigurationIsVisible = 0;
			defaultConfigurationName = Release;
		};
		47E7D4F5288FFE510052DE8C /* Build configuration list for PBXNativeTarget "Weather" */ = {
			isa = XCConfigurationList;
			buildConfigurations = (
				47E7D4F6288FFE510052DE8C /* Debug */,
				47E7D4F7288FFE510052DE8C /* Release */,
			);
			defaultConfigurationIsVisible = 0;
			defaultConfigurationName = Release;
		};
		47E7D4F8288FFE510052DE8C /* Build configuration list for PBXNativeTarget "WeatherTests" */ = {
			isa = XCConfigurationList;
			buildConfigurations = (
				47E7D4F9288FFE510052DE8C /* Debug */,
				47E7D4FA288FFE510052DE8C /* Release */,
			);
			defaultConfigurationIsVisible = 0;
			defaultConfigurationName = Release;
		};
		47E7D4FB288FFE510052DE8C /* Build configuration list for PBXNativeTarget "WeatherUITests" */ = {
			isa = XCConfigurationList;
			buildConfigurations = (
				47E7D4FC288FFE510052DE8C /* Debug */,
				47E7D4FD288FFE510052DE8C /* Release */,
			);
			defaultConfigurationIsVisible = 0;
			defaultConfigurationName = Release;
		};
/* End XCConfigurationList section */
	};
	rootObject = 47E7D4C3288FFE500052DE8C /* Project object */;
}
